
Microsoft Visual Studio Solution File, Format Version 12.00
# Visual Studio 2013
VisualStudioVersion = 12.0.21005.1
MinimumVisualStudioVersion = 10.0.40219.1
Project("{FAE04EC0-301F-11D3-BF4B-00C04F79EFBC}") = "SyslogdTest", "Syslogd\SyslogdTest.csproj", "{5CA4CB26-55C3-4A31-92D9-3E354E8C36FC}"
EndProject
Project("{FAE04EC0-301F-11D3-BF4B-00C04F79EFBC}") = "Syslogd", "SyslogdService\Syslogd.csproj", "{70E55E6E-6A36-4321-B150-8ECE2F5E3C14}"
EndProject
Global
	GlobalSection(SolutionConfigurationPlatforms) = preSolution
		Debug|Any CPU = Debug|Any CPU
		Release|Any CPU = Release|Any CPU
	EndGlobalSection
	GlobalSection(ProjectConfigurationPlatforms) = postSolution
		{5CA4CB26-55C3-4A31-92D9-3E354E8C36FC}.Debug|Any CPU.ActiveCfg = Debug|Any CPU
		{5CA4CB26-55C3-4A31-92D9-3E354E8C36FC}.Debug|Any CPU.Build.0 = Debug|Any CPU
		{5CA4CB26-55C3-4A31-92D9-3E354E8C36FC}.Release|Any CPU.ActiveCfg = Release|Any CPU
		{5CA4CB26-55C3-4A31-92D9-3E354E8C36FC}.Release|Any CPU.Build.0 = Release|Any CPU
		{70E55E6E-6A36-4321-B150-8ECE2F5E3C14}.Debug|Any CPU.ActiveCfg = Debug|Any CPU
		{70E55E6E-6A36-4321-B150-8ECE2F5E3C14}.Debug|Any CPU.Build.0 = Debug|Any CPU
		{70E55E6E-6A36-4321-B150-8ECE2F5E3C14}.Release|Any CPU.ActiveCfg = Release|Any CPU
		{70E55E6E-6A36-4321-B150-8ECE2F5E3C14}.Release|Any CPU.Build.0 = Release|Any CPU
	EndGlobalSection
	GlobalSection(SolutionProperties) = preSolution
		HideSolutionNode = FALSE
	EndGlobalSection
EndGlobal
